// !$*UTF8*$!
{
	archiveVersion = 1;
	classes = {
	};
	objectVersion = 46;
	objects = {

/* Begin PBXBuildFile section */
		98FC5E6E1EFFFC210025BF16 /* crypt.c in Sources */ = {isa = PBXBuildFile; fileRef = 37F1CC801EFFC3F100CCBCD4 /* crypt.c */; };
		98FC5E6F1EFFFC210025BF16 /* ioapi_buf.c in Sources */ = {isa = PBXBuildFile; fileRef = 37F1CC811EFFC3F100CCBCD4 /* ioapi_buf.c */; };
		98FC5E701EFFFC210025BF16 /* ioapi_mem.c in Sources */ = {isa = PBXBuildFile; fileRef = 37F1CC7E1EFFC3F100CCBCD4 /* ioapi_mem.c */; };
		98FC5E711EFFFC210025BF16 /* minishared.c in Sources */ = {isa = PBXBuildFile; fileRef = 37F1CC7F1EFFC3F100CCBCD4 /* minishared.c */; };
		98FC5E721EFFFC210025BF16 /* crypt.c in Sources */ = {isa = PBXBuildFile; fileRef = 37F1CC801EFFC3F100CCBCD4 /* crypt.c */; };
		98FC5E731EFFFC210025BF16 /* ioapi_buf.c in Sources */ = {isa = PBXBuildFile; fileRef = 37F1CC811EFFC3F100CCBCD4 /* ioapi_buf.c */; };
		98FC5E741EFFFC210025BF16 /* ioapi_mem.c in Sources */ = {isa = PBXBuildFile; fileRef = 37F1CC7E1EFFC3F100CCBCD4 /* ioapi_mem.c */; };
		98FC5E751EFFFC210025BF16 /* minishared.c in Sources */ = {isa = PBXBuildFile; fileRef = 37F1CC7F1EFFC3F100CCBCD4 /* minishared.c */; };
		B429BBD31594A4130061DADF /* crypt.h in Headers */ = {isa = PBXBuildFile; fileRef = B429BBC61594A4130061DADF /* crypt.h */; };
		B429BBD41594A4130061DADF /* crypt.h in Headers */ = {isa = PBXBuildFile; fileRef = B429BBC61594A4130061DADF /* crypt.h */; };
		B429BBD51594A4130061DADF /* ioapi.c in Sources */ = {isa = PBXBuildFile; fileRef = B429BBC71594A4130061DADF /* ioapi.c */; };
		B429BBD61594A4130061DADF /* ioapi.c in Sources */ = {isa = PBXBuildFile; fileRef = B429BBC71594A4130061DADF /* ioapi.c */; };
		B429BBD71594A4130061DADF /* ioapi.h in Headers */ = {isa = PBXBuildFile; fileRef = B429BBC81594A4130061DADF /* ioapi.h */; };
		B429BBD81594A4130061DADF /* ioapi.h in Headers */ = {isa = PBXBuildFile; fileRef = B429BBC81594A4130061DADF /* ioapi.h */; };
		B429BBE51594A4130061DADF /* unzip.c in Sources */ = {isa = PBXBuildFile; fileRef = B429BBCF1594A4130061DADF /* unzip.c */; };
		B429BBE61594A4130061DADF /* unzip.c in Sources */ = {isa = PBXBuildFile; fileRef = B429BBCF1594A4130061DADF /* unzip.c */; };
		B429BBE71594A4130061DADF /* unzip.h in Headers */ = {isa = PBXBuildFile; fileRef = B429BBD01594A4130061DADF /* unzip.h */; };
		B429BBE81594A4130061DADF /* unzip.h in Headers */ = {isa = PBXBuildFile; fileRef = B429BBD01594A4130061DADF /* unzip.h */; };
		B429BBE91594A4130061DADF /* zip.c in Sources */ = {isa = PBXBuildFile; fileRef = B429BBD11594A4130061DADF /* zip.c */; };
		B429BBEA1594A4130061DADF /* zip.c in Sources */ = {isa = PBXBuildFile; fileRef = B429BBD11594A4130061DADF /* zip.c */; };
		B429BBEB1594A4130061DADF /* zip.h in Headers */ = {isa = PBXBuildFile; fileRef = B429BBD21594A4130061DADF /* zip.h */; };
		B429BBEC1594A4130061DADF /* zip.h in Headers */ = {isa = PBXBuildFile; fileRef = B429BBD21594A4130061DADF /* zip.h */; };
		B4664B471580C70200AB7726 /* DDZippedFileInfo.h in Headers */ = {isa = PBXBuildFile; fileRef = B4664B451580C70200AB7726 /* DDZippedFileInfo.h */; };
		B4664B481580C70200AB7726 /* DDZippedFileInfo.h in Headers */ = {isa = PBXBuildFile; fileRef = B4664B451580C70200AB7726 /* DDZippedFileInfo.h */; };
		B4664B491580C70200AB7726 /* DDZippedFileInfo.m in Sources */ = {isa = PBXBuildFile; fileRef = B4664B461580C70200AB7726 /* DDZippedFileInfo.m */; };
		B4664B4A1580C70200AB7726 /* DDZippedFileInfo.m in Sources */ = {isa = PBXBuildFile; fileRef = B4664B461580C70200AB7726 /* DDZippedFileInfo.m */; };
		B4664B621580DA7600AB7726 /* Foundation.framework in Frameworks */ = {isa = PBXBuildFile; fileRef = B4664B611580DA7600AB7726 /* Foundation.framework */; };
		B4664B6E1580DE9F00AB7726 /* main.m in Sources */ = {isa = PBXBuildFile; fileRef = B4664B6D1580DE9F00AB7726 /* main.m */; };
		B4664B6F1580E36100AB7726 /* libDDMinizip-OSX.a in Frameworks */ = {isa = PBXBuildFile; fileRef = B4664B671580DE7700AB7726 /* libDDMinizip-OSX.a */; };
		B4664B711580E37400AB7726 /* libz.dylib in Frameworks */ = {isa = PBXBuildFile; fileRef = B4664B701580E37400AB7726 /* libz.dylib */; };
		B492A929157BCD4200184979 /* DDZipReader.h in Headers */ = {isa = PBXBuildFile; fileRef = B492A90B157BCD4200184979 /* DDZipReader.h */; };
		B492A92A157BCD4200184979 /* DDZipReader.h in Headers */ = {isa = PBXBuildFile; fileRef = B492A90B157BCD4200184979 /* DDZipReader.h */; };
		B492A92B157BCD4200184979 /* DDZipReader.m in Sources */ = {isa = PBXBuildFile; fileRef = B492A90C157BCD4200184979 /* DDZipReader.m */; };
		B492A92C157BCD4200184979 /* DDZipReader.m in Sources */ = {isa = PBXBuildFile; fileRef = B492A90C157BCD4200184979 /* DDZipReader.m */; };
		B492A92D157BCD4200184979 /* DDZipWriter.h in Headers */ = {isa = PBXBuildFile; fileRef = B492A90D157BCD4200184979 /* DDZipWriter.h */; };
		B492A92E157BCD4200184979 /* DDZipWriter.h in Headers */ = {isa = PBXBuildFile; fileRef = B492A90D157BCD4200184979 /* DDZipWriter.h */; };
		B492A92F157BCD4200184979 /* DDZipWriter.m in Sources */ = {isa = PBXBuildFile; fileRef = B492A90E157BCD4200184979 /* DDZipWriter.m */; };
		B492A930157BCD4200184979 /* DDZipWriter.m in Sources */ = {isa = PBXBuildFile; fileRef = B492A90E157BCD4200184979 /* DDZipWriter.m */; };
/* End PBXBuildFile section */

/* Begin PBXContainerItemProxy section */
		B4664B5E1580DA6000AB7726 /* PBXContainerItemProxy */ = {
			isa = PBXContainerItemProxy;
			containerPortal = 0867D690FE84028FC02AAC07 /* Project object */;
			proxyType = 1;
			remoteGlobalIDString = B40E9BDC1552EA2000D6FAA5;
			remoteInfo = "DDMinizip-OSX";
		};
/* End PBXContainerItemProxy section */

/* Begin PBXFileReference section */
		37F1CC7C1EFFC3F100CCBCD4 /* ioapi_mem.h */ = {isa = PBXFileReference; lastKnownFileType = sourcecode.c.h; path = ioapi_mem.h; sourceTree = "<group>"; };
		37F1CC7D1EFFC3F100CCBCD4 /* minishared.h */ = {isa = PBXFileReference; lastKnownFileType = sourcecode.c.h; path = minishared.h; sourceTree = "<group>"; };
		37F1CC7E1EFFC3F100CCBCD4 /* ioapi_mem.c */ = {isa = PBXFileReference; lastKnownFileType = sourcecode.c.c; path = ioapi_mem.c; sourceTree = "<group>"; };
		37F1CC7F1EFFC3F100CCBCD4 /* minishared.c */ = {isa = PBXFileReference; lastKnownFileType = sourcecode.c.c; path = minishared.c; sourceTree = "<group>"; };
		37F1CC801EFFC3F100CCBCD4 /* crypt.c */ = {isa = PBXFileReference; lastKnownFileType = sourcecode.c.c; path = crypt.c; sourceTree = "<group>"; };
		37F1CC811EFFC3F100CCBCD4 /* ioapi_buf.c */ = {isa = PBXFileReference; lastKnownFileType = sourcecode.c.c; path = ioapi_buf.c; sourceTree = "<group>"; };
		37F1CC821EFFC3F100CCBCD4 /* ioapi_buf.h */ = {isa = PBXFileReference; lastKnownFileType = sourcecode.c.h; path = ioapi_buf.h; sourceTree = "<group>"; };
		B429BBC61594A4130061DADF /* crypt.h */ = {isa = PBXFileReference; fileEncoding = 4; lastKnownFileType = sourcecode.c.h; path = crypt.h; sourceTree = "<group>"; };
		B429BBC71594A4130061DADF /* ioapi.c */ = {isa = PBXFileReference; fileEncoding = 4; lastKnownFileType = sourcecode.c.c; path = ioapi.c; sourceTree = "<group>"; };
		B429BBC81594A4130061DADF /* ioapi.h */ = {isa = PBXFileReference; fileEncoding = 4; lastKnownFileType = sourcecode.c.h; path = ioapi.h; sourceTree = "<group>"; };
		B429BBCF1594A4130061DADF /* unzip.c */ = {isa = PBXFileReference; fileEncoding = 4; lastKnownFileType = sourcecode.c.c; path = unzip.c; sourceTree = "<group>"; };
		B429BBD01594A4130061DADF /* unzip.h */ = {isa = PBXFileReference; fileEncoding = 4; lastKnownFileType = sourcecode.c.h; path = unzip.h; sourceTree = "<group>"; };
		B429BBD11594A4130061DADF /* zip.c */ = {isa = PBXFileReference; fileEncoding = 4; lastKnownFileType = sourcecode.c.c; path = zip.c; sourceTree = "<group>"; };
		B429BBD21594A4130061DADF /* zip.h */ = {isa = PBXFileReference; fileEncoding = 4; lastKnownFileType = sourcecode.c.h; path = zip.h; sourceTree = "<group>"; };
		B4664B451580C70200AB7726 /* DDZippedFileInfo.h */ = {isa = PBXFileReference; fileEncoding = 4; lastKnownFileType = sourcecode.c.h; path = DDZippedFileInfo.h; sourceTree = "<group>"; };
		B4664B461580C70200AB7726 /* DDZippedFileInfo.m */ = {isa = PBXFileReference; fileEncoding = 4; lastKnownFileType = sourcecode.c.objc; path = DDZippedFileInfo.m; sourceTree = "<group>"; };
		B4664B611580DA7600AB7726 /* Foundation.framework */ = {isa = PBXFileReference; lastKnownFileType = wrapper.framework; name = Foundation.framework; path = Platforms/MacOSX.platform/Developer/SDKs/MacOSX10.7.sdk/System/Library/Frameworks/Foundation.framework; sourceTree = DEVELOPER_DIR; };
		B4664B671580DE7700AB7726 /* libDDMinizip-OSX.a */ = {isa = PBXFileReference; explicitFileType = archive.ar; includeInIndex = 0; path = "libDDMinizip-OSX.a"; sourceTree = BUILT_PRODUCTS_DIR; };
		B4664B681580DE7700AB7726 /* libDDMinizip-IOS.a */ = {isa = PBXFileReference; explicitFileType = archive.ar; includeInIndex = 0; path = "libDDMinizip-IOS.a"; sourceTree = BUILT_PRODUCTS_DIR; };
		B4664B691580DE7700AB7726 /* DDMinizip-CLI */ = {isa = PBXFileReference; explicitFileType = "compiled.mach-o.executable"; includeInIndex = 0; path = "DDMinizip-CLI"; sourceTree = BUILT_PRODUCTS_DIR; };
		B4664B6D1580DE9F00AB7726 /* main.m */ = {isa = PBXFileReference; fileEncoding = 4; lastKnownFileType = sourcecode.c.objc; path = main.m; sourceTree = "<group>"; };
		B4664B701580E37400AB7726 /* libz.dylib */ = {isa = PBXFileReference; lastKnownFileType = "compiled.mach-o.dylib"; name = libz.dylib; path = Platforms/MacOSX.platform/Developer/SDKs/MacOSX10.7.sdk/usr/lib/libz.dylib; sourceTree = DEVELOPER_DIR; };
		B492A90B157BCD4200184979 /* DDZipReader.h */ = {isa = PBXFileReference; fileEncoding = 4; lastKnownFileType = sourcecode.c.h; path = DDZipReader.h; sourceTree = "<group>"; };
		B492A90C157BCD4200184979 /* DDZipReader.m */ = {isa = PBXFileReference; fileEncoding = 4; lastKnownFileType = sourcecode.c.objc; path = DDZipReader.m; sourceTree = "<group>"; };
		B492A90D157BCD4200184979 /* DDZipWriter.h */ = {isa = PBXFileReference; fileEncoding = 4; lastKnownFileType = sourcecode.c.h; path = DDZipWriter.h; sourceTree = "<group>"; };
		B492A90E157BCD4200184979 /* DDZipWriter.m */ = {isa = PBXFileReference; fileEncoding = 4; lastKnownFileType = sourcecode.c.objc; path = DDZipWriter.m; sourceTree = "<group>"; };
/* End PBXFileReference section */

/* Begin PBXFrameworksBuildPhase section */
		B40E9BDA1552EA2000D6FAA5 /* Frameworks */ = {
			isa = PBXFrameworksBuildPhase;
			buildActionMask = 2147483647;
			files = (
			);
			runOnlyForDeploymentPostprocessing = 0;
		};
		B40E9BEF1552EA7C00D6FAA5 /* Frameworks */ = {
			isa = PBXFrameworksBuildPhase;
			buildActionMask = 2147483647;
			files = (
			);
			runOnlyForDeploymentPostprocessing = 0;
		};
		B4664B4D1580DA0000AB7726 /* Frameworks */ = {
			isa = PBXFrameworksBuildPhase;
			buildActionMask = 2147483647;
			files = (
				B4664B711580E37400AB7726 /* libz.dylib in Frameworks */,
				B4664B6F1580E36100AB7726 /* libDDMinizip-OSX.a in Frameworks */,
				B4664B621580DA7600AB7726 /* Foundation.framework in Frameworks */,
			);
			runOnlyForDeploymentPostprocessing = 0;
		};
/* End PBXFrameworksBuildPhase section */

/* Begin PBXGroup section */
		0867D691FE84028FC02AAC07 /* libNews4 */ = {
			isa = PBXGroup;
			children = (
				B429BBC51594A4130061DADF /* minizip */,
				B4664B6C1580DE9F00AB7726 /* cli */,
				B492A90A157BCD4200184979 /* src */,
				B4664B671580DE7700AB7726 /* libDDMinizip-OSX.a */,
				B4664B681580DE7700AB7726 /* libDDMinizip-IOS.a */,
				B4664B691580DE7700AB7726 /* DDMinizip-CLI */,
			);
			name = libNews4;
			sourceTree = "<group>";
		};
		B429BBC51594A4130061DADF /* minizip */ = {
			isa = PBXGroup;
			children = (
				37F1CC801EFFC3F100CCBCD4 /* crypt.c */,
				B429BBC61594A4130061DADF /* crypt.h */,
				37F1CC811EFFC3F100CCBCD4 /* ioapi_buf.c */,
				37F1CC821EFFC3F100CCBCD4 /* ioapi_buf.h */,
				37F1CC7E1EFFC3F100CCBCD4 /* ioapi_mem.c */,
				37F1CC7C1EFFC3F100CCBCD4 /* ioapi_mem.h */,
				B429BBC71594A4130061DADF /* ioapi.c */,
				B429BBC81594A4130061DADF /* ioapi.h */,
				37F1CC7F1EFFC3F100CCBCD4 /* minishared.c */,
				37F1CC7D1EFFC3F100CCBCD4 /* minishared.h */,
				B429BBCF1594A4130061DADF /* unzip.c */,
				B429BBD01594A4130061DADF /* unzip.h */,
				B429BBD11594A4130061DADF /* zip.c */,
				B429BBD21594A4130061DADF /* zip.h */,
			);
			path = minizip;
			sourceTree = "<group>";
		};
		B4664B521580DA0000AB7726 /* Frameworks */ = {
			isa = PBXGroup;
			children = (
				B4664B701580E37400AB7726 /* libz.dylib */,
				B4664B611580DA7600AB7726 /* Foundation.framework */,
			);
			name = Frameworks;
			path = ..;
			sourceTree = "<group>";
		};
		B4664B6C1580DE9F00AB7726 /* cli */ = {
			isa = PBXGroup;
			children = (
				B4664B521580DA0000AB7726 /* Frameworks */,
				B4664B6D1580DE9F00AB7726 /* main.m */,
			);
			path = cli;
			sourceTree = "<group>";
		};
		B492A90A157BCD4200184979 /* src */ = {
			isa = PBXGroup;
			children = (
				B492A90B157BCD4200184979 /* DDZipReader.h */,
				B492A90C157BCD4200184979 /* DDZipReader.m */,
				B492A90D157BCD4200184979 /* DDZipWriter.h */,
				B492A90E157BCD4200184979 /* DDZipWriter.m */,
				B4664B451580C70200AB7726 /* DDZippedFileInfo.h */,
				B4664B461580C70200AB7726 /* DDZippedFileInfo.m */,
			);
			path = src;
			sourceTree = "<group>";
		};
/* End PBXGroup section */

/* Begin PBXHeadersBuildPhase section */
		B40E9BDB1552EA2000D6FAA5 /* Headers */ = {
			isa = PBXHeadersBuildPhase;
			buildActionMask = 2147483647;
			files = (
				B492A929157BCD4200184979 /* DDZipReader.h in Headers */,
				B492A92D157BCD4200184979 /* DDZipWriter.h in Headers */,
				B4664B471580C70200AB7726 /* DDZippedFileInfo.h in Headers */,
				B429BBD31594A4130061DADF /* crypt.h in Headers */,
				B429BBD71594A4130061DADF /* ioapi.h in Headers */,
				B429BBE71594A4130061DADF /* unzip.h in Headers */,
				B429BBEB1594A4130061DADF /* zip.h in Headers */,
			);
			runOnlyForDeploymentPostprocessing = 0;
		};
		B40E9BF01552EA7C00D6FAA5 /* Headers */ = {
			isa = PBXHeadersBuildPhase;
			buildActionMask = 2147483647;
			files = (
				B492A92A157BCD4200184979 /* DDZipReader.h in Headers */,
				B492A92E157BCD4200184979 /* DDZipWriter.h in Headers */,
				B4664B481580C70200AB7726 /* DDZippedFileInfo.h in Headers */,
				B429BBD41594A4130061DADF /* crypt.h in Headers */,
				B429BBD81594A4130061DADF /* ioapi.h in Headers */,
				B429BBE81594A4130061DADF /* unzip.h in Headers */,
				B429BBEC1594A4130061DADF /* zip.h in Headers */,
			);
			runOnlyForDeploymentPostprocessing = 0;
		};
/* End PBXHeadersBuildPhase section */

/* Begin PBXNativeTarget section */
		B40E9BDC1552EA2000D6FAA5 /* DDMinizip-OSX */ = {
			isa = PBXNativeTarget;
			buildConfigurationList = B40E9BEB1552EA2000D6FAA5 /* Build configuration list for PBXNativeTarget "DDMinizip-OSX" */;
			buildPhases = (
				B40E9BD91552EA2000D6FAA5 /* Sources */,
				B40E9BDA1552EA2000D6FAA5 /* Frameworks */,
				B40E9BDB1552EA2000D6FAA5 /* Headers */,
			);
			buildRules = (
			);
			dependencies = (
			);
			name = "DDMinizip-OSX";
			productName = "Minizip-OSX";
			productReference = B4664B671580DE7700AB7726 /* libDDMinizip-OSX.a */;
			productType = "com.apple.product-type.library.static";
		};
		B40E9BF11552EA7C00D6FAA5 /* DDMinizip-IOS */ = {
			isa = PBXNativeTarget;
			buildConfigurationList = B40E9BFB1552EA7C00D6FAA5 /* Build configuration list for PBXNativeTarget "DDMinizip-IOS" */;
			buildPhases = (
				B40E9BEE1552EA7C00D6FAA5 /* Sources */,
				B40E9BEF1552EA7C00D6FAA5 /* Frameworks */,
				B40E9BF01552EA7C00D6FAA5 /* Headers */,
			);
			buildRules = (
			);
			dependencies = (
			);
			name = "DDMinizip-IOS";
			productName = "Minizip-IOS";
			productReference = B4664B681580DE7700AB7726 /* libDDMinizip-IOS.a */;
			productType = "com.apple.product-type.library.static";
		};
		B4664B4F1580DA0000AB7726 /* DDMinizip-CLI */ = {
			isa = PBXNativeTarget;
			buildConfigurationList = B4664B5A1580DA0000AB7726 /* Build configuration list for PBXNativeTarget "DDMinizip-CLI" */;
			buildPhases = (
				B4664B4D1580DA0000AB7726 /* Frameworks */,
				B4664B4C1580DA0000AB7726 /* Sources */,
			);
			buildRules = (
			);
			dependencies = (
				B4664B5F1580DA6000AB7726 /* PBXTargetDependency */,
			);
			name = "DDMinizip-CLI";
			productName = demo;
			productReference = B4664B691580DE7700AB7726 /* DDMinizip-CLI */;
			productType = "com.apple.product-type.tool";
		};
/* End PBXNativeTarget section */

/* Begin PBXProject section */
		0867D690FE84028FC02AAC07 /* Project object */ = {
			isa = PBXProject;
			attributes = {
				LastUpgradeCheck = 0900;
				ORGANIZATIONNAME = medicus42;
			};
			buildConfigurationList = 1DEB922208733DC00010E9CD /* Build configuration list for PBXProject "DDMinizip" */;
			compatibilityVersion = "Xcode 3.2";
			developmentRegion = English;
			hasScannedForEncodings = 1;
			knownRegions = (
				en,
			);
			mainGroup = 0867D691FE84028FC02AAC07 /* libNews4 */;
			productRefGroup = 0867D691FE84028FC02AAC07 /* libNews4 */;
			projectDirPath = "";
			projectRoot = "";
			targets = (
				B40E9BDC1552EA2000D6FAA5 /* DDMinizip-OSX */,
				B40E9BF11552EA7C00D6FAA5 /* DDMinizip-IOS */,
				B4664B4F1580DA0000AB7726 /* DDMinizip-CLI */,
			);
		};
/* End PBXProject section */

/* Begin PBXSourcesBuildPhase section */
		B40E9BD91552EA2000D6FAA5 /* Sources */ = {
			isa = PBXSourcesBuildPhase;
			buildActionMask = 2147483647;
			files = (
				98FC5E741EFFFC210025BF16 /* ioapi_mem.c in Sources */,
				B492A92B157BCD4200184979 /* DDZipReader.m in Sources */,
				B492A92F157BCD4200184979 /* DDZipWriter.m in Sources */,
				98FC5E731EFFFC210025BF16 /* ioapi_buf.c in Sources */,
				B4664B491580C70200AB7726 /* DDZippedFileInfo.m in Sources */,
				B429BBD51594A4130061DADF /* ioapi.c in Sources */,
				98FC5E721EFFFC210025BF16 /* crypt.c in Sources */,
				B429BBE51594A4130061DADF /* unzip.c in Sources */,
				B429BBE91594A4130061DADF /* zip.c in Sources */,
				98FC5E751EFFFC210025BF16 /* minishared.c in Sources */,
			);
			runOnlyForDeploymentPostprocessing = 0;
		};
		B40E9BEE1552EA7C00D6FAA5 /* Sources */ = {
			isa = PBXSourcesBuildPhase;
			buildActionMask = 2147483647;
			files = (
				98FC5E701EFFFC210025BF16 /* ioapi_mem.c in Sources */,
				B492A92C157BCD4200184979 /* DDZipReader.m in Sources */,
				B492A930157BCD4200184979 /* DDZipWriter.m in Sources */,
				98FC5E6F1EFFFC210025BF16 /* ioapi_buf.c in Sources */,
				B4664B4A1580C70200AB7726 /* DDZippedFileInfo.m in Sources */,
				B429BBD61594A4130061DADF /* ioapi.c in Sources */,
				98FC5E6E1EFFFC210025BF16 /* crypt.c in Sources */,
				B429BBE61594A4130061DADF /* unzip.c in Sources */,
				B429BBEA1594A4130061DADF /* zip.c in Sources */,
				98FC5E711EFFFC210025BF16 /* minishared.c in Sources */,
			);
			runOnlyForDeploymentPostprocessing = 0;
		};
		B4664B4C1580DA0000AB7726 /* Sources */ = {
			isa = PBXSourcesBuildPhase;
			buildActionMask = 2147483647;
			files = (
				B4664B6E1580DE9F00AB7726 /* main.m in Sources */,
			);
			runOnlyForDeploymentPostprocessing = 0;
		};
/* End PBXSourcesBuildPhase section */

/* Begin PBXTargetDependency section */
		B4664B5F1580DA6000AB7726 /* PBXTargetDependency */ = {
			isa = PBXTargetDependency;
			target = B40E9BDC1552EA2000D6FAA5 /* DDMinizip-OSX */;
			targetProxy = B4664B5E1580DA6000AB7726 /* PBXContainerItemProxy */;
		};
/* End PBXTargetDependency section */

/* Begin XCBuildConfiguration section */
		1DEB922308733DC00010E9CD /* Debug */ = {
			isa = XCBuildConfiguration;
			buildSettings = {
				CLANG_WARN_BLOCK_CAPTURE_AUTORELEASING = YES;
				CLANG_WARN_BOOL_CONVERSION = YES;
				CLANG_WARN_COMMA = YES;
				CLANG_WARN_CONSTANT_CONVERSION = YES;
				CLANG_WARN_EMPTY_BODY = YES;
				CLANG_WARN_ENUM_CONVERSION = YES;
				CLANG_WARN_INFINITE_RECURSION = YES;
				CLANG_WARN_INT_CONVERSION = YES;
				CLANG_WARN_NON_LITERAL_NULL_CONVERSION = YES;
				CLANG_WARN_OBJC_LITERAL_CONVERSION = YES;
				CLANG_WARN_RANGE_LOOP_ANALYSIS = YES;
				CLANG_WARN_STRICT_PROTOTYPES = YES;
				CLANG_WARN_SUSPICIOUS_MOVE = YES;
				CLANG_WARN_UNREACHABLE_CODE = YES;
				CLANG_WARN__DUPLICATE_METHOD_MATCH = YES;
				COMBINE_HIDPI_IMAGES = YES;
				ENABLE_STRICT_OBJC_MSGSEND = YES;
				ENABLE_TESTABILITY = YES;
				GCC_NO_COMMON_BLOCKS = YES;
				GCC_PREPROCESSOR_DEFINITIONS = unix;
				GCC_WARN_64_TO_32_BIT_CONVERSION = YES;
				GCC_WARN_ABOUT_RETURN_TYPE = YES;
				GCC_WARN_UNDECLARED_SELECTOR = YES;
				GCC_WARN_UNINITIALIZED_AUTOS = YES;
				GCC_WARN_UNUSED_FUNCTION = YES;
				GCC_WARN_UNUSED_VARIABLE = YES;
				ONLY_ACTIVE_ARCH = YES;
			};
			name = Debug;
		};
		1DEB922408733DC00010E9CD /* Release */ = {
			isa = XCBuildConfiguration;
			buildSettings = {
				CLANG_WARN_BLOCK_CAPTURE_AUTORELEASING = YES;
				CLANG_WARN_BOOL_CONVERSION = YES;
				CLANG_WARN_COMMA = YES;
				CLANG_WARN_CONSTANT_CONVERSION = YES;
				CLANG_WARN_EMPTY_BODY = YES;
				CLANG_WARN_ENUM_CONVERSION = YES;
				CLANG_WARN_INFINITE_RECURSION = YES;
				CLANG_WARN_INT_CONVERSION = YES;
				CLANG_WARN_NON_LITERAL_NULL_CONVERSION = YES;
				CLANG_WARN_OBJC_LITERAL_CONVERSION = YES;
				CLANG_WARN_RANGE_LOOP_ANALYSIS = YES;
				CLANG_WARN_STRICT_PROTOTYPES = YES;
				CLANG_WARN_SUSPICIOUS_MOVE = YES;
				CLANG_WARN_UNREACHABLE_CODE = YES;
				CLANG_WARN__DUPLICATE_METHOD_MATCH = YES;
				COMBINE_HIDPI_IMAGES = YES;
				ENABLE_STRICT_OBJC_MSGSEND = YES;
				GCC_NO_COMMON_BLOCKS = YES;
				GCC_PREPROCESSOR_DEFINITIONS = unix;
				GCC_WARN_64_TO_32_BIT_CONVERSION = YES;
				GCC_WARN_ABOUT_RETURN_TYPE = YES;
				GCC_WARN_UNDECLARED_SELECTOR = YES;
				GCC_WARN_UNINITIALIZED_AUTOS = YES;
				GCC_WARN_UNUSED_FUNCTION = YES;
				GCC_WARN_UNUSED_VARIABLE = YES;
			};
			name = Release;
		};
		B40E9BEC1552EA2000D6FAA5 /* Debug */ = {
			isa = XCBuildConfiguration;
			buildSettings = {
				ALWAYS_SEARCH_USER_PATHS = NO;
				CLANG_ENABLE_OBJC_ARC = YES;
				COPY_PHASE_STRIP = NO;
				GCC_C_LANGUAGE_STANDARD = gnu99;
				GCC_DYNAMIC_NO_PIC = NO;
				GCC_ENABLE_OBJC_EXCEPTIONS = YES;
				GCC_OPTIMIZATION_LEVEL = 0;
				GCC_PREPROCESSOR_DEFINITIONS = (
					"DEBUG=1",
					"$(inherited)",
				);
				GCC_SYMBOLS_PRIVATE_EXTERN = NO;
				GCC_VERSION = com.apple.compilers.llvm.clang.1_0;
				GCC_WARN_64_TO_32_BIT_CONVERSION = YES;
				GCC_WARN_ABOUT_RETURN_TYPE = YES;
				GCC_WARN_UNINITIALIZED_AUTOS = YES;
				GCC_WARN_UNUSED_VARIABLE = YES;
				MACOSX_DEPLOYMENT_TARGET = 10.7;
				ONLY_ACTIVE_ARCH = YES;
				PRODUCT_NAME = "DDMinizip-OSX";
				SDKROOT = macosx;
			};
			name = Debug;
		};
		B40E9BED1552EA2000D6FAA5 /* Release */ = {
			isa = XCBuildConfiguration;
			buildSettings = {
				ALWAYS_SEARCH_USER_PATHS = NO;
				CLANG_ENABLE_OBJC_ARC = YES;
				COPY_PHASE_STRIP = YES;
				DEBUG_INFORMATION_FORMAT = "dwarf-with-dsym";
				GCC_C_LANGUAGE_STANDARD = gnu99;
				GCC_ENABLE_OBJC_EXCEPTIONS = YES;
				GCC_VERSION = com.apple.compilers.llvm.clang.1_0;
				GCC_WARN_64_TO_32_BIT_CONVERSION = YES;
				GCC_WARN_ABOUT_RETURN_TYPE = YES;
				GCC_WARN_UNINITIALIZED_AUTOS = YES;
				GCC_WARN_UNUSED_VARIABLE = YES;
				MACOSX_DEPLOYMENT_TARGET = 10.7;
				PRODUCT_NAME = "DDMinizip-OSX";
				SDKROOT = macosx;
			};
			name = Release;
		};
		B40E9BFC1552EA7C00D6FAA5 /* Debug */ = {
			isa = XCBuildConfiguration;
			buildSettings = {
				ALWAYS_SEARCH_USER_PATHS = NO;
				CLANG_ENABLE_OBJC_ARC = YES;
				COPY_PHASE_STRIP = NO;
				DSTROOT = /tmp/Minizip_IOS.dst;
				GCC_C_LANGUAGE_STANDARD = gnu99;
				GCC_DYNAMIC_NO_PIC = NO;
				GCC_OPTIMIZATION_LEVEL = 0;
				GCC_PREPROCESSOR_DEFINITIONS = (
					"DEBUG=1",
					"$(inherited)",
				);
				GCC_SYMBOLS_PRIVATE_EXTERN = NO;
				GCC_VERSION = com.apple.compilers.llvm.clang.1_0;
				GCC_WARN_ABOUT_RETURN_TYPE = YES;
				GCC_WARN_UNINITIALIZED_AUTOS = YES;
				GCC_WARN_UNUSED_VARIABLE = YES;
				IPHONEOS_DEPLOYMENT_TARGET = 8.0;
				OTHER_LDFLAGS = "-ObjC";
				PRODUCT_NAME = "DDMinizip-IOS";
				SDKROOT = iphoneos;
				SKIP_INSTALL = YES;
			};
			name = Debug;
		};
		B40E9BFD1552EA7C00D6FAA5 /* Release */ = {
			isa = XCBuildConfiguration;
			buildSettings = {
				ALWAYS_SEARCH_USER_PATHS = NO;
				CLANG_ENABLE_OBJC_ARC = YES;
				COPY_PHASE_STRIP = YES;
				DSTROOT = /tmp/Minizip_IOS.dst;
				GCC_C_LANGUAGE_STANDARD = gnu99;
				GCC_VERSION = com.apple.compilers.llvm.clang.1_0;
				GCC_WARN_ABOUT_RETURN_TYPE = YES;
				GCC_WARN_UNINITIALIZED_AUTOS = YES;
				GCC_WARN_UNUSED_VARIABLE = YES;
				IPHONEOS_DEPLOYMENT_TARGET = 8.0;
				OTHER_LDFLAGS = "-ObjC";
				PRODUCT_NAME = "DDMinizip-IOS";
				SDKROOT = iphoneos;
				SKIP_INSTALL = YES;
				VALIDATE_PRODUCT = YES;
			};
			name = Release;
		};
		B4664B5B1580DA0000AB7726 /* Debug */ = {
			isa = XCBuildConfiguration;
			buildSettings = {
				ALWAYS_SEARCH_USER_PATHS = NO;
				CLANG_ENABLE_OBJC_ARC = YES;
				COPY_PHASE_STRIP = NO;
				GCC_C_LANGUAGE_STANDARD = gnu99;
				GCC_DYNAMIC_NO_PIC = NO;
				GCC_ENABLE_OBJC_EXCEPTIONS = YES;
				GCC_OPTIMIZATION_LEVEL = 0;
				GCC_PREPROCESSOR_DEFINITIONS = (
					"DEBUG=1",
					"$(inherited)",
				);
				GCC_SYMBOLS_PRIVATE_EXTERN = NO;
				GCC_VERSION = com.apple.compilers.llvm.clang.1_0;
				GCC_WARN_64_TO_32_BIT_CONVERSION = YES;
				GCC_WARN_ABOUT_RETURN_TYPE = YES;
				GCC_WARN_UNINITIALIZED_AUTOS = YES;
				GCC_WARN_UNUSED_VARIABLE = YES;
				MACOSX_DEPLOYMENT_TARGET = 10.7;
				ONLY_ACTIVE_ARCH = YES;
				PRODUCT_NAME = "$(TARGET_NAME)";
				SDKROOT = macosx;
			};
			name = Debug;
		};
		B4664B5C1580DA0000AB7726 /* Release */ = {
			isa = XCBuildConfiguration;
			buildSettings = {
				ALWAYS_SEARCH_USER_PATHS = NO;
				CLANG_ENABLE_OBJC_ARC = YES;
				COPY_PHASE_STRIP = YES;
				DEBUG_INFORMATION_FORMAT = "dwarf-with-dsym";
				GCC_C_LANGUAGE_STANDARD = gnu99;
				GCC_ENABLE_OBJC_EXCEPTIONS = YES;
				GCC_VERSION = com.apple.compilers.llvm.clang.1_0;
				GCC_WARN_64_TO_32_BIT_CONVERSION = YES;
				GCC_WARN_ABOUT_RETURN_TYPE = YES;
				GCC_WARN_UNINITIALIZED_AUTOS = YES;
				GCC_WARN_UNUSED_VARIABLE = YES;
				MACOSX_DEPLOYMENT_TARGET = 10.7;
				PRODUCT_NAME = "$(TARGET_NAME)";
				SDKROOT = macosx;
			};
			name = Release;
		};
/* End XCBuildConfiguration section */

/* Begin XCConfigurationList section */
		1DEB922208733DC00010E9CD /* Build configuration list for PBXProject "DDMinizip" */ = {
			isa = XCConfigurationList;
			buildConfigurations = (
				1DEB922308733DC00010E9CD /* Debug */,
				1DEB922408733DC00010E9CD /* Release */,
			);
			defaultConfigurationIsVisible = 0;
			defaultConfigurationName = Release;
		};
		B40E9BEB1552EA2000D6FAA5 /* Build configuration list for PBXNativeTarget "DDMinizip-OSX" */ = {
			isa = XCConfigurationList;
			buildConfigurations = (
				B40E9BEC1552EA2000D6FAA5 /* Debug */,
				B40E9BED1552EA2000D6FAA5 /* Release */,
			);
			defaultConfigurationIsVisible = 0;
			defaultConfigurationName = Release;
		};
		B40E9BFB1552EA7C00D6FAA5 /* Build configuration list for PBXNativeTarget "DDMinizip-IOS" */ = {
			isa = XCConfigurationList;
			buildConfigurations = (
				B40E9BFC1552EA7C00D6FAA5 /* Debug */,
				B40E9BFD1552EA7C00D6FAA5 /* Release */,
			);
			defaultConfigurationIsVisible = 0;
			defaultConfigurationName = Release;
		};
		B4664B5A1580DA0000AB7726 /* Build configuration list for PBXNativeTarget "DDMinizip-CLI" */ = {
			isa = XCConfigurationList;
			buildConfigurations = (
				B4664B5B1580DA0000AB7726 /* Debug */,
				B4664B5C1580DA0000AB7726 /* Release */,
			);
			defaultConfigurationIsVisible = 0;
			defaultConfigurationName = Release;
		};
/* End XCConfigurationList section */
	};
	rootObject = 0867D690FE84028FC02AAC07 /* Project object */;
}
